
Microsoft Visual Studio Solution File, Format Version 12.00
# Visual Studio Version 17
VisualStudioVersion = 17.8.34330.188
MinimumVisualStudioVersion = 10.0.40219.1
Project("{8BC9CEB8-8B4A-11D0-8D11-00A0C91BC942}") = "ProgrammersCPP", "ProgrammersCPP.vcxproj", "{2DAB8BCA-D669-48D8-857C-98CDA68A6B78}"
EndProject
Project("{8BC9CEB8-8B4A-11D0-8D11-00A0C91BC942}") = "AntWar", "AntWar\AntWar.vcxproj", "{A3F89B01-5D71-4223-97D4-231142B2FDD3}"
EndProject
Project("{8BC9CEB8-8B4A-11D0-8D11-00A0C91BC942}") = "Decoding", "Decoding\Decoding.vcxproj", "{35BFCC6E-B6A2-4F4B-822D-5493EB5D3738}"
EndProject
Project("{8BC9CEB8-8B4A-11D0-8D11-00A0C91BC942}") = "Dice", "Dice\Dice.vcxproj", "{558C0D84-08FB-4C87-B17E-B824FD9FF942}"
EndProject
Project("{8BC9CEB8-8B4A-11D0-8D11-00A0C91BC942}") = "Triangle", "Triangle\Triangle.vcxproj", "{3901F512-AA28-4C85-BA1B-5CB840448D70}"
EndProject
Project("{8BC9CEB8-8B4A-11D0-8D11-00A0C91BC942}") = "MaxValue", "MaxValue\MaxValue.vcxproj", "{9A67B302-03A5-4D34-9C4B-3FD818E10A8E}"
EndProject
Project("{8BC9CEB8-8B4A-11D0-8D11-00A0C91BC942}") = "SortString", "SortString\SortString.vcxproj", "{B5DD3B68-AFD8-4D6F-A806-1A0DFC1BF7E4}"
EndProject
Project("{8BC9CEB8-8B4A-11D0-8D11-00A0C91BC942}") = "MaxIndex", "MaxIndex\MaxIndex.vcxproj", "{EA3A3B21-AFA0-4F05-A268-2F6C0A1FD962}"
EndProject
Project("{8BC9CEB8-8B4A-11D0-8D11-00A0C91BC942}") = "ChangeIndex", "ChangeIndex\ChangeIndex.vcxproj", "{E31ADDE3-86CE-4BD6-B56B-2566741B7467}"
EndProject
Project("{8BC9CEB8-8B4A-11D0-8D11-00A0C91BC942}") = "SwitchDirection", "SwitchDirection\SwitchDirection.vcxproj", "{1F1D266D-A94A-4CB6-9E2F-99EB6E5A62C0}"
EndProject
Project("{8BC9CEB8-8B4A-11D0-8D11-00A0C91BC942}") = "Divisors", "Divisors\Divisors.vcxproj", "{C6783FCD-A8A0-4B7B-9FDF-980001DAF0AB}"
EndProject
Project("{8BC9CEB8-8B4A-11D0-8D11-00A0C91BC942}") = "AgeConvert", "AgeConvert\AgeConvert.vcxproj", "{B23524BD-F54B-4502-AF36-ACB90A7EE7DD}"
EndProject
Project("{8BC9CEB8-8B4A-11D0-8D11-00A0C91BC942}") = "PizzaSlice", "PizzaSlice\PizzaSlice.vcxproj", "{AA981CDF-6FE8-4753-BC29-70F65191DAB0}"
EndProject
Project("{8BC9CEB8-8B4A-11D0-8D11-00A0C91BC942}") = "FindNumber", "FindNumber\FindNumber.vcxproj", "{06758AAB-98E8-432A-B891-977FC6653646}"
EndProject
Project("{8BC9CEB8-8B4A-11D0-8D11-00A0C91BC942}") = "369Game", "369Game\369Game.vcxproj", "{B3841101-79E6-46C6-8296-651BD37D8C72}"
EndProject
Project("{8BC9CEB8-8B4A-11D0-8D11-00A0C91BC942}") = "StringSort", "StringSort\StringSort.vcxproj", "{31AF8C89-6907-44BD-A1ED-79D34753B83B}"
EndProject
Project("{8BC9CEB8-8B4A-11D0-8D11-00A0C91BC942}") = "CompositeNumber", "CompositeNumber\CompositeNumber.vcxproj", "{380A7CC6-8A3F-4039-8BDF-47A7D03C88A9}"
EndProject
Project("{8BC9CEB8-8B4A-11D0-8D11-00A0C91BC942}") = "DuplicateDelete", "DuplicateDelete\DuplicateDelete.vcxproj", "{100CF531-828C-46D4-B832-F8537FF39193}"
EndProject
Project("{8BC9CEB8-8B4A-11D0-8D11-00A0C91BC942}") = "2Dimension", "2Dimension\2Dimension.vcxproj", "{711DA8BF-A8C4-4769-BA17-D42AA1622A78}"
EndProject
Project("{8BC9CEB8-8B4A-11D0-8D11-00A0C91BC942}") = "Factorial", "Factorial\Factorial.vcxproj", "{B470368A-9A91-4507-ABB5-A4AC1BCED00B}"
EndProject
Project("{8BC9CEB8-8B4A-11D0-8D11-00A0C91BC942}") = "AStringToB", "AStringToB\AStringToB.vcxproj", "{897BF549-7DA7-49F2-91F9-71D54C1B00D7}"
EndProject
Project("{8BC9CEB8-8B4A-11D0-8D11-00A0C91BC942}") = "CountK", "CountK\CountK.vcxproj", "{F47C5ADE-C79F-4879-A27C-7D72283F2C33}"
EndProject
Project("{8BC9CEB8-8B4A-11D0-8D11-00A0C91BC942}") = "MorseCode", "MorseCode\MorseCode.vcxproj", "{17664BED-23D7-40A3-A90A-74DC2CAF1612}"
EndProject
Project("{8BC9CEB8-8B4A-11D0-8D11-00A0C91BC942}") = "ClosestNumber", "ClosestNumber\ClosestNumber.vcxproj", "{622651EB-1F3D-4CA2-ACC0-B16A28E11CA5}"
EndProject
Global
	GlobalSection(SolutionConfigurationPlatforms) = preSolution
		Debug|x64 = Debug|x64
		Debug|x86 = Debug|x86
		Release|x64 = Release|x64
		Release|x86 = Release|x86
	EndGlobalSection
	GlobalSection(ProjectConfigurationPlatforms) = postSolution
		{2DAB8BCA-D669-48D8-857C-98CDA68A6B78}.Debug|x64.ActiveCfg = Debug|x64
		{2DAB8BCA-D669-48D8-857C-98CDA68A6B78}.Debug|x64.Build.0 = Debug|x64
		{2DAB8BCA-D669-48D8-857C-98CDA68A6B78}.Debug|x86.ActiveCfg = Debug|Win32
		{2DAB8BCA-D669-48D8-857C-98CDA68A6B78}.Debug|x86.Build.0 = Debug|Win32
		{2DAB8BCA-D669-48D8-857C-98CDA68A6B78}.Release|x64.ActiveCfg = Release|x64
		{2DAB8BCA-D669-48D8-857C-98CDA68A6B78}.Release|x64.Build.0 = Release|x64
		{2DAB8BCA-D669-48D8-857C-98CDA68A6B78}.Release|x86.ActiveCfg = Release|Win32
		{2DAB8BCA-D669-48D8-857C-98CDA68A6B78}.Release|x86.Build.0 = Release|Win32
		{A3F89B01-5D71-4223-97D4-231142B2FDD3}.Debug|x64.ActiveCfg = Debug|x64
		{A3F89B01-5D71-4223-97D4-231142B2FDD3}.Debug|x64.Build.0 = Debug|x64
		{A3F89B01-5D71-4223-97D4-231142B2FDD3}.Debug|x86.ActiveCfg = Debug|Win32
		{A3F89B01-5D71-4223-97D4-231142B2FDD3}.Debug|x86.Build.0 = Debug|Win32
		{A3F89B01-5D71-4223-97D4-231142B2FDD3}.Release|x64.ActiveCfg = Release|x64
		{A3F89B01-5D71-4223-97D4-231142B2FDD3}.Release|x64.Build.0 = Release|x64
		{A3F89B01-5D71-4223-97D4-231142B2FDD3}.Release|x86.ActiveCfg = Release|Win32
		{A3F89B01-5D71-4223-97D4-231142B2FDD3}.Release|x86.Build.0 = Release|Win32
		{35BFCC6E-B6A2-4F4B-822D-5493EB5D3738}.Debug|x64.ActiveCfg = Debug|x64
		{35BFCC6E-B6A2-4F4B-822D-5493EB5D3738}.Debug|x64.Build.0 = Debug|x64
		{35BFCC6E-B6A2-4F4B-822D-5493EB5D3738}.Debug|x86.ActiveCfg = Debug|Win32
		{35BFCC6E-B6A2-4F4B-822D-5493EB5D3738}.Debug|x86.Build.0 = Debug|Win32
		{35BFCC6E-B6A2-4F4B-822D-5493EB5D3738}.Release|x64.ActiveCfg = Release|x64
		{35BFCC6E-B6A2-4F4B-822D-5493EB5D3738}.Release|x64.Build.0 = Release|x64
		{35BFCC6E-B6A2-4F4B-822D-5493EB5D3738}.Release|x86.ActiveCfg = Release|Win32
		{35BFCC6E-B6A2-4F4B-822D-5493EB5D3738}.Release|x86.Build.0 = Release|Win32
		{558C0D84-08FB-4C87-B17E-B824FD9FF942}.Debug|x64.ActiveCfg = Debug|x64
		{558C0D84-08FB-4C87-B17E-B824FD9FF942}.Debug|x64.Build.0 = Debug|x64
		{558C0D84-08FB-4C87-B17E-B824FD9FF942}.Debug|x86.ActiveCfg = Debug|Win32
		{558C0D84-08FB-4C87-B17E-B824FD9FF942}.Debug|x86.Build.0 = Debug|Win32
		{558C0D84-08FB-4C87-B17E-B824FD9FF942}.Release|x64.ActiveCfg = Release|x64
		{558C0D84-08FB-4C87-B17E-B824FD9FF942}.Release|x64.Build.0 = Release|x64
		{558C0D84-08FB-4C87-B17E-B824FD9FF942}.Release|x86.ActiveCfg = Release|Win32
		{558C0D84-08FB-4C87-B17E-B824FD9FF942}.Release|x86.Build.0 = Release|Win32
		{3901F512-AA28-4C85-BA1B-5CB840448D70}.Debug|x64.ActiveCfg = Debug|x64
		{3901F512-AA28-4C85-BA1B-5CB840448D70}.Debug|x64.Build.0 = Debug|x64
		{3901F512-AA28-4C85-BA1B-5CB840448D70}.Debug|x86.ActiveCfg = Debug|Win32
		{3901F512-AA28-4C85-BA1B-5CB840448D70}.Debug|x86.Build.0 = Debug|Win32
		{3901F512-AA28-4C85-BA1B-5CB840448D70}.Release|x64.ActiveCfg = Release|x64
		{3901F512-AA28-4C85-BA1B-5CB840448D70}.Release|x64.Build.0 = Release|x64
		{3901F512-AA28-4C85-BA1B-5CB840448D70}.Release|x86.ActiveCfg = Release|Win32
		{3901F512-AA28-4C85-BA1B-5CB840448D70}.Release|x86.Build.0 = Release|Win32
		{9A67B302-03A5-4D34-9C4B-3FD818E10A8E}.Debug|x64.ActiveCfg = Debug|x64
		{9A67B302-03A5-4D34-9C4B-3FD818E10A8E}.Debug|x64.Build.0 = Debug|x64
		{9A67B302-03A5-4D34-9C4B-3FD818E10A8E}.Debug|x86.ActiveCfg = Debug|Win32
		{9A67B302-03A5-4D34-9C4B-3FD818E10A8E}.Debug|x86.Build.0 = Debug|Win32
		{9A67B302-03A5-4D34-9C4B-3FD818E10A8E}.Release|x64.ActiveCfg = Release|x64
		{9A67B302-03A5-4D34-9C4B-3FD818E10A8E}.Release|x64.Build.0 = Release|x64
		{9A67B302-03A5-4D34-9C4B-3FD818E10A8E}.Release|x86.ActiveCfg = Release|Win32
		{9A67B302-03A5-4D34-9C4B-3FD818E10A8E}.Release|x86.Build.0 = Release|Win32
		{B5DD3B68-AFD8-4D6F-A806-1A0DFC1BF7E4}.Debug|x64.ActiveCfg = Debug|x64
		{B5DD3B68-AFD8-4D6F-A806-1A0DFC1BF7E4}.Debug|x64.Build.0 = Debug|x64
		{B5DD3B68-AFD8-4D6F-A806-1A0DFC1BF7E4}.Debug|x86.ActiveCfg = Debug|Win32
		{B5DD3B68-AFD8-4D6F-A806-1A0DFC1BF7E4}.Debug|x86.Build.0 = Debug|Win32
		{B5DD3B68-AFD8-4D6F-A806-1A0DFC1BF7E4}.Release|x64.ActiveCfg = Release|x64
		{B5DD3B68-AFD8-4D6F-A806-1A0DFC1BF7E4}.Release|x64.Build.0 = Release|x64
		{B5DD3B68-AFD8-4D6F-A806-1A0DFC1BF7E4}.Release|x86.ActiveCfg = Release|Win32
		{B5DD3B68-AFD8-4D6F-A806-1A0DFC1BF7E4}.Release|x86.Build.0 = Release|Win32
		{EA3A3B21-AFA0-4F05-A268-2F6C0A1FD962}.Debug|x64.ActiveCfg = Debug|x64
		{EA3A3B21-AFA0-4F05-A268-2F6C0A1FD962}.Debug|x64.Build.0 = Debug|x64
		{EA3A3B21-AFA0-4F05-A268-2F6C0A1FD962}.Debug|x86.ActiveCfg = Debug|Win32
		{EA3A3B21-AFA0-4F05-A268-2F6C0A1FD962}.Debug|x86.Build.0 = Debug|Win32
		{EA3A3B21-AFA0-4F05-A268-2F6C0A1FD962}.Release|x64.ActiveCfg = Release|x64
		{EA3A3B21-AFA0-4F05-A268-2F6C0A1FD962}.Release|x64.Build.0 = Release|x64
		{EA3A3B21-AFA0-4F05-A268-2F6C0A1FD962}.Release|x86.ActiveCfg = Release|Win32
		{EA3A3B21-AFA0-4F05-A268-2F6C0A1FD962}.Release|x86.Build.0 = Release|Win32
		{E31ADDE3-86CE-4BD6-B56B-2566741B7467}.Debug|x64.ActiveCfg = Debug|x64
		{E31ADDE3-86CE-4BD6-B56B-2566741B7467}.Debug|x64.Build.0 = Debug|x64
		{E31ADDE3-86CE-4BD6-B56B-2566741B7467}.Debug|x86.ActiveCfg = Debug|Win32
		{E31ADDE3-86CE-4BD6-B56B-2566741B7467}.Debug|x86.Build.0 = Debug|Win32
		{E31ADDE3-86CE-4BD6-B56B-2566741B7467}.Release|x64.ActiveCfg = Release|x64
		{E31ADDE3-86CE-4BD6-B56B-2566741B7467}.Release|x64.Build.0 = Release|x64
		{E31ADDE3-86CE-4BD6-B56B-2566741B7467}.Release|x86.ActiveCfg = Release|Win32
		{E31ADDE3-86CE-4BD6-B56B-2566741B7467}.Release|x86.Build.0 = Release|Win32
		{1F1D266D-A94A-4CB6-9E2F-99EB6E5A62C0}.Debug|x64.ActiveCfg = Debug|x64
		{1F1D266D-A94A-4CB6-9E2F-99EB6E5A62C0}.Debug|x64.Build.0 = Debug|x64
		{1F1D266D-A94A-4CB6-9E2F-99EB6E5A62C0}.Debug|x86.ActiveCfg = Debug|Win32
		{1F1D266D-A94A-4CB6-9E2F-99EB6E5A62C0}.Debug|x86.Build.0 = Debug|Win32
		{1F1D266D-A94A-4CB6-9E2F-99EB6E5A62C0}.Release|x64.ActiveCfg = Release|x64
		{1F1D266D-A94A-4CB6-9E2F-99EB6E5A62C0}.Release|x64.Build.0 = Release|x64
		{1F1D266D-A94A-4CB6-9E2F-99EB6E5A62C0}.Release|x86.ActiveCfg = Release|Win32
		{1F1D266D-A94A-4CB6-9E2F-99EB6E5A62C0}.Release|x86.Build.0 = Release|Win32
		{C6783FCD-A8A0-4B7B-9FDF-980001DAF0AB}.Debug|x64.ActiveCfg = Debug|x64
		{C6783FCD-A8A0-4B7B-9FDF-980001DAF0AB}.Debug|x64.Build.0 = Debug|x64
		{C6783FCD-A8A0-4B7B-9FDF-980001DAF0AB}.Debug|x86.ActiveCfg = Debug|Win32
		{C6783FCD-A8A0-4B7B-9FDF-980001DAF0AB}.Debug|x86.Build.0 = Debug|Win32
		{C6783FCD-A8A0-4B7B-9FDF-980001DAF0AB}.Release|x64.ActiveCfg = Release|x64
		{C6783FCD-A8A0-4B7B-9FDF-980001DAF0AB}.Release|x64.Build.0 = Release|x64
		{C6783FCD-A8A0-4B7B-9FDF-980001DAF0AB}.Release|x86.ActiveCfg = Release|Win32
		{C6783FCD-A8A0-4B7B-9FDF-980001DAF0AB}.Release|x86.Build.0 = Release|Win32
		{B23524BD-F54B-4502-AF36-ACB90A7EE7DD}.Debug|x64.ActiveCfg = Debug|x64
		{B23524BD-F54B-4502-AF36-ACB90A7EE7DD}.Debug|x64.Build.0 = Debug|x64
		{B23524BD-F54B-4502-AF36-ACB90A7EE7DD}.Debug|x86.ActiveCfg = Debug|Win32
		{B23524BD-F54B-4502-AF36-ACB90A7EE7DD}.Debug|x86.Build.0 = Debug|Win32
		{B23524BD-F54B-4502-AF36-ACB90A7EE7DD}.Release|x64.ActiveCfg = Release|x64
		{B23524BD-F54B-4502-AF36-ACB90A7EE7DD}.Release|x64.Build.0 = Release|x64
		{B23524BD-F54B-4502-AF36-ACB90A7EE7DD}.Release|x86.ActiveCfg = Release|Win32
		{B23524BD-F54B-4502-AF36-ACB90A7EE7DD}.Release|x86.Build.0 = Release|Win32
		{AA981CDF-6FE8-4753-BC29-70F65191DAB0}.Debug|x64.ActiveCfg = Debug|x64
		{AA981CDF-6FE8-4753-BC29-70F65191DAB0}.Debug|x64.Build.0 = Debug|x64
		{AA981CDF-6FE8-4753-BC29-70F65191DAB0}.Debug|x86.ActiveCfg = Debug|Win32
		{AA981CDF-6FE8-4753-BC29-70F65191DAB0}.Debug|x86.Build.0 = Debug|Win32
		{AA981CDF-6FE8-4753-BC29-70F65191DAB0}.Release|x64.ActiveCfg = Release|x64
		{AA981CDF-6FE8-4753-BC29-70F65191DAB0}.Release|x64.Build.0 = Release|x64
		{AA981CDF-6FE8-4753-BC29-70F65191DAB0}.Release|x86.ActiveCfg = Release|Win32
		{AA981CDF-6FE8-4753-BC29-70F65191DAB0}.Release|x86.Build.0 = Release|Win32
		{06758AAB-98E8-432A-B891-977FC6653646}.Debug|x64.ActiveCfg = Debug|x64
		{06758AAB-98E8-432A-B891-977FC6653646}.Debug|x64.Build.0 = Debug|x64
		{06758AAB-98E8-432A-B891-977FC6653646}.Debug|x86.ActiveCfg = Debug|Win32
		{06758AAB-98E8-432A-B891-977FC6653646}.Debug|x86.Build.0 = Debug|Win32
		{06758AAB-98E8-432A-B891-977FC6653646}.Release|x64.ActiveCfg = Release|x64
		{06758AAB-98E8-432A-B891-977FC6653646}.Release|x64.Build.0 = Release|x64
		{06758AAB-98E8-432A-B891-977FC6653646}.Release|x86.ActiveCfg = Release|Win32
		{06758AAB-98E8-432A-B891-977FC6653646}.Release|x86.Build.0 = Release|Win32
		{B3841101-79E6-46C6-8296-651BD37D8C72}.Debug|x64.ActiveCfg = Debug|x64
		{B3841101-79E6-46C6-8296-651BD37D8C72}.Debug|x64.Build.0 = Debug|x64
		{B3841101-79E6-46C6-8296-651BD37D8C72}.Debug|x86.ActiveCfg = Debug|Win32
		{B3841101-79E6-46C6-8296-651BD37D8C72}.Debug|x86.Build.0 = Debug|Win32
		{B3841101-79E6-46C6-8296-651BD37D8C72}.Release|x64.ActiveCfg = Release|x64
		{B3841101-79E6-46C6-8296-651BD37D8C72}.Release|x64.Build.0 = Release|x64
		{B3841101-79E6-46C6-8296-651BD37D8C72}.Release|x86.ActiveCfg = Release|Win32
		{B3841101-79E6-46C6-8296-651BD37D8C72}.Release|x86.Build.0 = Release|Win32
		{31AF8C89-6907-44BD-A1ED-79D34753B83B}.Debug|x64.ActiveCfg = Debug|x64
		{31AF8C89-6907-44BD-A1ED-79D34753B83B}.Debug|x64.Build.0 = Debug|x64
		{31AF8C89-6907-44BD-A1ED-79D34753B83B}.Debug|x86.ActiveCfg = Debug|Win32
		{31AF8C89-6907-44BD-A1ED-79D34753B83B}.Debug|x86.Build.0 = Debug|Win32
		{31AF8C89-6907-44BD-A1ED-79D34753B83B}.Release|x64.ActiveCfg = Release|x64
		{31AF8C89-6907-44BD-A1ED-79D34753B83B}.Release|x64.Build.0 = Release|x64
		{31AF8C89-6907-44BD-A1ED-79D34753B83B}.Release|x86.ActiveCfg = Release|Win32
		{31AF8C89-6907-44BD-A1ED-79D34753B83B}.Release|x86.Build.0 = Release|Win32
		{380A7CC6-8A3F-4039-8BDF-47A7D03C88A9}.Debug|x64.ActiveCfg = Debug|x64
		{380A7CC6-8A3F-4039-8BDF-47A7D03C88A9}.Debug|x64.Build.0 = Debug|x64
		{380A7CC6-8A3F-4039-8BDF-47A7D03C88A9}.Debug|x86.ActiveCfg = Debug|Win32
		{380A7CC6-8A3F-4039-8BDF-47A7D03C88A9}.Debug|x86.Build.0 = Debug|Win32
		{380A7CC6-8A3F-4039-8BDF-47A7D03C88A9}.Release|x64.ActiveCfg = Release|x64
		{380A7CC6-8A3F-4039-8BDF-47A7D03C88A9}.Release|x64.Build.0 = Release|x64
		{380A7CC6-8A3F-4039-8BDF-47A7D03C88A9}.Release|x86.ActiveCfg = Release|Win32
		{380A7CC6-8A3F-4039-8BDF-47A7D03C88A9}.Release|x86.Build.0 = Release|Win32
		{100CF531-828C-46D4-B832-F8537FF39193}.Debug|x64.ActiveCfg = Debug|x64
		{100CF531-828C-46D4-B832-F8537FF39193}.Debug|x64.Build.0 = Debug|x64
		{100CF531-828C-46D4-B832-F8537FF39193}.Debug|x86.ActiveCfg = Debug|Win32
		{100CF531-828C-46D4-B832-F8537FF39193}.Debug|x86.Build.0 = Debug|Win32
		{100CF531-828C-46D4-B832-F8537FF39193}.Release|x64.ActiveCfg = Release|x64
		{100CF531-828C-46D4-B832-F8537FF39193}.Release|x64.Build.0 = Release|x64
		{100CF531-828C-46D4-B832-F8537FF39193}.Release|x86.ActiveCfg = Release|Win32
		{100CF531-828C-46D4-B832-F8537FF39193}.Release|x86.Build.0 = Release|Win32
		{711DA8BF-A8C4-4769-BA17-D42AA1622A78}.Debug|x64.ActiveCfg = Debug|x64
		{711DA8BF-A8C4-4769-BA17-D42AA1622A78}.Debug|x64.Build.0 = Debug|x64
		{711DA8BF-A8C4-4769-BA17-D42AA1622A78}.Debug|x86.ActiveCfg = Debug|Win32
		{711DA8BF-A8C4-4769-BA17-D42AA1622A78}.Debug|x86.Build.0 = Debug|Win32
		{711DA8BF-A8C4-4769-BA17-D42AA1622A78}.Release|x64.ActiveCfg = Release|x64
		{711DA8BF-A8C4-4769-BA17-D42AA1622A78}.Release|x64.Build.0 = Release|x64
		{711DA8BF-A8C4-4769-BA17-D42AA1622A78}.Release|x86.ActiveCfg = Release|Win32
		{711DA8BF-A8C4-4769-BA17-D42AA1622A78}.Release|x86.Build.0 = Release|Win32
		{B470368A-9A91-4507-ABB5-A4AC1BCED00B}.Debug|x64.ActiveCfg = Debug|x64
		{B470368A-9A91-4507-ABB5-A4AC1BCED00B}.Debug|x64.Build.0 = Debug|x64
		{B470368A-9A91-4507-ABB5-A4AC1BCED00B}.Debug|x86.ActiveCfg = Debug|Win32
		{B470368A-9A91-4507-ABB5-A4AC1BCED00B}.Debug|x86.Build.0 = Debug|Win32
		{B470368A-9A91-4507-ABB5-A4AC1BCED00B}.Release|x64.ActiveCfg = Release|x64
		{B470368A-9A91-4507-ABB5-A4AC1BCED00B}.Release|x64.Build.0 = Release|x64
		{B470368A-9A91-4507-ABB5-A4AC1BCED00B}.Release|x86.ActiveCfg = Release|Win32
		{B470368A-9A91-4507-ABB5-A4AC1BCED00B}.Release|x86.Build.0 = Release|Win32
		{897BF549-7DA7-49F2-91F9-71D54C1B00D7}.Debug|x64.ActiveCfg = Debug|x64
		{897BF549-7DA7-49F2-91F9-71D54C1B00D7}.Debug|x64.Build.0 = Debug|x64
		{897BF549-7DA7-49F2-91F9-71D54C1B00D7}.Debug|x86.ActiveCfg = Debug|Win32
		{897BF549-7DA7-49F2-91F9-71D54C1B00D7}.Debug|x86.Build.0 = Debug|Win32
		{897BF549-7DA7-49F2-91F9-71D54C1B00D7}.Release|x64.ActiveCfg = Release|x64
		{897BF549-7DA7-49F2-91F9-71D54C1B00D7}.Release|x64.Build.0 = Release|x64
		{897BF549-7DA7-49F2-91F9-71D54C1B00D7}.Release|x86.ActiveCfg = Release|Win32
		{897BF549-7DA7-49F2-91F9-71D54C1B00D7}.Release|x86.Build.0 = Release|Win32
		{F47C5ADE-C79F-4879-A27C-7D72283F2C33}.Debug|x64.ActiveCfg = Debug|x64
		{F47C5ADE-C79F-4879-A27C-7D72283F2C33}.Debug|x64.Build.0 = Debug|x64
		{F47C5ADE-C79F-4879-A27C-7D72283F2C33}.Debug|x86.ActiveCfg = Debug|Win32
		{F47C5ADE-C79F-4879-A27C-7D72283F2C33}.Debug|x86.Build.0 = Debug|Win32
		{F47C5ADE-C79F-4879-A27C-7D72283F2C33}.Release|x64.ActiveCfg = Release|x64
		{F47C5ADE-C79F-4879-A27C-7D72283F2C33}.Release|x64.Build.0 = Release|x64
		{F47C5ADE-C79F-4879-A27C-7D72283F2C33}.Release|x86.ActiveCfg = Release|Win32
		{F47C5ADE-C79F-4879-A27C-7D72283F2C33}.Release|x86.Build.0 = Release|Win32
		{17664BED-23D7-40A3-A90A-74DC2CAF1612}.Debug|x64.ActiveCfg = Debug|x64
		{17664BED-23D7-40A3-A90A-74DC2CAF1612}.Debug|x64.Build.0 = Debug|x64
		{17664BED-23D7-40A3-A90A-74DC2CAF1612}.Debug|x86.ActiveCfg = Debug|Win32
		{17664BED-23D7-40A3-A90A-74DC2CAF1612}.Debug|x86.Build.0 = Debug|Win32
		{17664BED-23D7-40A3-A90A-74DC2CAF1612}.Release|x64.ActiveCfg = Release|x64
		{17664BED-23D7-40A3-A90A-74DC2CAF1612}.Release|x64.Build.0 = Release|x64
		{17664BED-23D7-40A3-A90A-74DC2CAF1612}.Release|x86.ActiveCfg = Release|Win32
		{17664BED-23D7-40A3-A90A-74DC2CAF1612}.Release|x86.Build.0 = Release|Win32
		{622651EB-1F3D-4CA2-ACC0-B16A28E11CA5}.Debug|x64.ActiveCfg = Debug|x64
		{622651EB-1F3D-4CA2-ACC0-B16A28E11CA5}.Debug|x64.Build.0 = Debug|x64
		{622651EB-1F3D-4CA2-ACC0-B16A28E11CA5}.Debug|x86.ActiveCfg = Debug|Win32
		{622651EB-1F3D-4CA2-ACC0-B16A28E11CA5}.Debug|x86.Build.0 = Debug|Win32
		{622651EB-1F3D-4CA2-ACC0-B16A28E11CA5}.Release|x64.ActiveCfg = Release|x64
		{622651EB-1F3D-4CA2-ACC0-B16A28E11CA5}.Release|x64.Build.0 = Release|x64
		{622651EB-1F3D-4CA2-ACC0-B16A28E11CA5}.Release|x86.ActiveCfg = Release|Win32
		{622651EB-1F3D-4CA2-ACC0-B16A28E11CA5}.Release|x86.Build.0 = Release|Win32
	EndGlobalSection
	GlobalSection(SolutionProperties) = preSolution
		HideSolutionNode = FALSE
	EndGlobalSection
	GlobalSection(ExtensibilityGlobals) = postSolution
		SolutionGuid = {1AAF24E2-D7DA-40E8-93C8-1609E6640A1E}
	EndGlobalSection
EndGlobal
